
Microsoft Visual Studio Solution File, Format Version 12.00
# Visual Studio Version 17
VisualStudioVersion = 17.9.34616.47
MinimumVisualStudioVersion = 10.0.40219.1
Project("{FAE04EC0-301F-11D3-BF4B-00C04F79EFBC}") = "DZ_31.03.2024_Logical", "DZ_31.03.2024_Logical\DZ_31.03.2024_Logical.csproj", "{69200CAE-6D20-47C1-8B3B-9C518A923C1C}"
EndProject
Global
	GlobalSection(SolutionConfigurationPlatforms) = preSolution
		Debug|Any CPU = Debug|Any CPU
		Release|Any CPU = Release|Any CPU
	EndGlobalSection
	GlobalSection(ProjectConfigurationPlatforms) = postSolution
		{69200CAE-6D20-47C1-8B3B-9C518A923C1C}.Debug|Any CPU.ActiveCfg = Debug|Any CPU
		{69200CAE-6D20-47C1-8B3B-9C518A923C1C}.Debug|Any CPU.Build.0 = Debug|Any CPU
		{69200CAE-6D20-47C1-8B3B-9C518A923C1C}.Release|Any CPU.ActiveCfg = Release|Any CPU
		{69200CAE-6D20-47C1-8B3B-9C518A923C1C}.Release|Any CPU.Build.0 = Release|Any CPU
	EndGlobalSection
	GlobalSection(SolutionProperties) = preSolution
		HideSolutionNode = FALSE
	EndGlobalSection
	GlobalSection(ExtensibilityGlobals) = postSolution
		SolutionGuid = {9CF25738-1E5E-4ACF-9975-945A110779D6}
	EndGlobalSection
EndGlobal
